{
  "name": "agentic-playwright-mcp-wx-cli-runtime",
  "version": "1.0.0",
  "lockfileVersion": 3,
  "requires": true,
  "packages": {
    "": {
      "name": "agentic-playwright-mcp-wx-cli-runtime",
      "version": "1.0.0",
      "dependencies": {
        "@jackwener/wx-cli": "0.3.0"
      }
    },
    "node_modules/@jackwener/wx-cli": {
      "version": "0.3.0",
      "resolved": "https://registry.npmjs.org/@jackwener/wx-cli/-/wx-cli-0.3.0.tgz",
      "integrity": "sha512-PH31N7LhhgdapsnRXnDigm15vWiU/MB2at4QndprmvWNFIsj4eTwPlrvn+RVtoAYpv6oXqF+ftsBilcTy4ClHw==",
      "hasInstallScript": true,
      "license": "Apache-2.0",
      "bin": {
        "wx": "bin/wx.js"
      },
      "engines": {
        "node": ">=14"
      },
      "optionalDependencies": {
        "@jackwener/wx-cli-darwin-arm64": "0.3.0",
        "@jackwener/wx-cli-darwin-x64": "0.3.0",
        "@jackwener/wx-cli-linux-arm64": "0.3.0",
        "@jackwener/wx-cli-linux-x64": "0.3.0",
        "@jackwener/wx-cli-win32-x64": "0.3.0"
      }
    },
    "node_modules/@jackwener/wx-cli-darwin-arm64": {
      "version": "0.3.0",
      "resolved": "https://registry.npmjs.org/@jackwener/wx-cli-darwin-arm64/-/wx-cli-darwin-arm64-0.3.0.tgz",
      "integrity": "sha512-EJsCQWLoufiSV5cXBPNUAuEov4tOMJtaU2QRQZWxHLvAdlHncd5gsJ8JQYyJBPj6o/2X0DxQcfXnRNZaj/uFmw==",
      "cpu": [
        "arm64"
      ],
      "license": "Apache-2.0",
      "optional": true,
      "os": [
        "darwin"
      ]
    },
    "node_modules/@jackwener/wx-cli-darwin-x64": {
      "version": "0.3.0",
      "resolved": "https://registry.npmjs.org/@jackwener/wx-cli-darwin-x64/-/wx-cli-darwin-x64-0.3.0.tgz",
      "integrity": "sha512-4e+y8GVegwJaWvMNH4/sR+Xbq6Gw4gMGwtPC2bcrf89XPpBDqLGD7PhPWHPyvhBayZ8EQPWA4KCDPAIGr5wkvw==",
      "cpu": [
        "x64"
      ],
      "license": "Apache-2.0",
      "optional": true,
      "os": [
        "darwin"
      ]
    },
    "node_modules/@jackwener/wx-cli-linux-arm64": {
      "version": "0.3.0",
      "resolved": "https://registry.npmjs.org/@jackwener/wx-cli-linux-arm64/-/wx-cli-linux-arm64-0.3.0.tgz",
      "integrity": "sha512-SyRAOa38ElNziOanSCaWhQtS0ThpEGJ9G1zZXq2v7rt6rphJllaw19FesaWmqb4zyw6SkE05dRnP6SBmwIfu3w==",
      "cpu": [
        "arm64"
      ],
      "license": "Apache-2.0",
      "optional": true,
      "os": [
        "linux"
      ]
    },
    "node_modules/@jackwener/wx-cli-linux-x64": {
      "version": "0.3.0",
      "resolved": "https://registry.npmjs.org/@jackwener/wx-cli-linux-x64/-/wx-cli-linux-x64-0.3.0.tgz",
      "integrity": "sha512-3sAZoONAKPvR7X1SbC2j6vZyshiqbgbLZrt6WaqiTpE7ZABlzecSfZ9tM9X+WRp3o8JfbEj7VN1+qEhiudiaEQ==",
      "cpu": [
        "x64"
      ],
      "license": "Apache-2.0",
      "optional": true,
      "os": [
        "linux"
      ]
    },
    "node_modules/@jackwener/wx-cli-win32-x64": {
      "version": "0.3.0",
      "resolved": "https://registry.npmjs.org/@jackwener/wx-cli-win32-x64/-/wx-cli-win32-x64-0.3.0.tgz",
      "integrity": "sha512-60iZUzldsGH4TYwCG8uB5WGfPUAlG4ZoJihSg5R1BDBGCpH6Ma/mbp3H+lGxfWhgEURXolQYo6X79zD3iZ1weQ==",
      "cpu": [
        "x64"
      ],
      "license": "Apache-2.0",
      "optional": true,
      "os": [
        "win32"
      ]
    }
  }
}
